
Microsoft Visual Studio Solution File, Format Version 12.00
# Visual Studio Version 17
VisualStudioVersion = 17.4.33110.190
MinimumVisualStudioVersion = 10.0.40219.1
Project("{FAE04EC0-301F-11D3-BF4B-00C04F79EFBC}") = "ReportApp", "ReportApp\ReportApp.csproj", "{DD661DA5-6D00-40D1-AF82-EFD192AF7930}"
EndProject
Global
	GlobalSection(SolutionConfigurationPlatforms) = preSolution
		Debug|Any CPU = Debug|Any CPU
		Release|Any CPU = Release|Any CPU
	EndGlobalSection
	GlobalSection(ProjectConfigurationPlatforms) = postSolution
		{DD661DA5-6D00-40D1-AF82-EFD192AF7930}.Debug|Any CPU.ActiveCfg = Debug|Any CPU
		{DD661DA5-6D00-40D1-AF82-EFD192AF7930}.Debug|Any CPU.Build.0 = Debug|Any CPU
		{DD661DA5-6D00-40D1-AF82-EFD192AF7930}.Release|Any CPU.ActiveCfg = Release|Any CPU
		{DD661DA5-6D00-40D1-AF82-EFD192AF7930}.Release|Any CPU.Build.0 = Release|Any CPU
	EndGlobalSection
	GlobalSection(SolutionProperties) = preSolution
		HideSolutionNode = FALSE
	EndGlobalSection
	GlobalSection(ExtensibilityGlobals) = postSolution
		SolutionGuid = {4A8E2F46-8651-411F-84BA-9FD8D030A25B}
	EndGlobalSection
EndGlobal
