
Microsoft Visual Studio Solution File, Format Version 12.00
# Visual Studio Version 17
VisualStudioVersion = 17.10.34928.147
MinimumVisualStudioVersion = 10.0.40219.1
Project("{FAE04EC0-301F-11D3-BF4B-00C04F79EFBC}") = "Hash", "Hash\Hash.csproj", "{8E14445D-82BB-46CE-8F9F-7C43781D0D3A}"
EndProject
Global
	GlobalSection(SolutionConfigurationPlatforms) = preSolution
		Debug|Any CPU = Debug|Any CPU
		Release|Any CPU = Release|Any CPU
	EndGlobalSection
	GlobalSection(ProjectConfigurationPlatforms) = postSolution
		{8E14445D-82BB-46CE-8F9F-7C43781D0D3A}.Debug|Any CPU.ActiveCfg = Debug|Any CPU
		{8E14445D-82BB-46CE-8F9F-7C43781D0D3A}.Debug|Any CPU.Build.0 = Debug|Any CPU
		{8E14445D-82BB-46CE-8F9F-7C43781D0D3A}.Release|Any CPU.ActiveCfg = Release|Any CPU
		{8E14445D-82BB-46CE-8F9F-7C43781D0D3A}.Release|Any CPU.Build.0 = Release|Any CPU
	EndGlobalSection
	GlobalSection(SolutionProperties) = preSolution
		HideSolutionNode = FALSE
	EndGlobalSection
	GlobalSection(ExtensibilityGlobals) = postSolution
		SolutionGuid = {54FD5A46-CB98-4C1A-9442-4C6C0AC751E1}
	EndGlobalSection
EndGlobal
